
Microsoft Visual Studio Solution File, Format Version 12.00
# Visual Studio 15
VisualStudioVersion = 15.0.27004.2009
MinimumVisualStudioVersion = 10.0.40219.1
Project("{FAE04EC0-301F-11D3-BF4B-00C04F79EFBC}") = "Question1", "Question1\Question1.csproj", "{B95DC8C1-A004-4AF2-8267-17EFB8BC288A}"
EndProject
Project("{FAE04EC0-301F-11D3-BF4B-00C04F79EFBC}") = "Question2", "Question2\Question2.csproj", "{16B77554-0B61-4B1E-868D-AFEE6A2D7D81}"
EndProject
Project("{FAE04EC0-301F-11D3-BF4B-00C04F79EFBC}") = "Question3", "Question3\Question3.csproj", "{871660F6-B423-4C0D-826F-41DD80153FAE}"
EndProject
Project("{FAE04EC0-301F-11D3-BF4B-00C04F79EFBC}") = "Question4", "Question4\Question4.csproj", "{62F35EAF-473A-4E9A-8742-D65BC9E9F1DE}"
EndProject
Global
	GlobalSection(SolutionConfigurationPlatforms) = preSolution
		Debug|Any CPU = Debug|Any CPU
		Release|Any CPU = Release|Any CPU
	EndGlobalSection
	GlobalSection(ProjectConfigurationPlatforms) = postSolution
		{B95DC8C1-A004-4AF2-8267-17EFB8BC288A}.Debug|Any CPU.ActiveCfg = Debug|Any CPU
		{B95DC8C1-A004-4AF2-8267-17EFB8BC288A}.Debug|Any CPU.Build.0 = Debug|Any CPU
		{B95DC8C1-A004-4AF2-8267-17EFB8BC288A}.Release|Any CPU.ActiveCfg = Release|Any CPU
		{B95DC8C1-A004-4AF2-8267-17EFB8BC288A}.Release|Any CPU.Build.0 = Release|Any CPU
		{16B77554-0B61-4B1E-868D-AFEE6A2D7D81}.Debug|Any CPU.ActiveCfg = Debug|Any CPU
		{16B77554-0B61-4B1E-868D-AFEE6A2D7D81}.Debug|Any CPU.Build.0 = Debug|Any CPU
		{16B77554-0B61-4B1E-868D-AFEE6A2D7D81}.Release|Any CPU.ActiveCfg = Release|Any CPU
		{16B77554-0B61-4B1E-868D-AFEE6A2D7D81}.Release|Any CPU.Build.0 = Release|Any CPU
		{871660F6-B423-4C0D-826F-41DD80153FAE}.Debug|Any CPU.ActiveCfg = Debug|Any CPU
		{871660F6-B423-4C0D-826F-41DD80153FAE}.Debug|Any CPU.Build.0 = Debug|Any CPU
		{871660F6-B423-4C0D-826F-41DD80153FAE}.Release|Any CPU.ActiveCfg = Release|Any CPU
		{871660F6-B423-4C0D-826F-41DD80153FAE}.Release|Any CPU.Build.0 = Release|Any CPU
		{62F35EAF-473A-4E9A-8742-D65BC9E9F1DE}.Debug|Any CPU.ActiveCfg = Debug|Any CPU
		{62F35EAF-473A-4E9A-8742-D65BC9E9F1DE}.Debug|Any CPU.Build.0 = Debug|Any CPU
		{62F35EAF-473A-4E9A-8742-D65BC9E9F1DE}.Release|Any CPU.ActiveCfg = Release|Any CPU
		{62F35EAF-473A-4E9A-8742-D65BC9E9F1DE}.Release|Any CPU.Build.0 = Release|Any CPU
	EndGlobalSection
	GlobalSection(SolutionProperties) = preSolution
		HideSolutionNode = FALSE
	EndGlobalSection
	GlobalSection(ExtensibilityGlobals) = postSolution
		SolutionGuid = {9EC5835C-4E47-480F-A652-1F4A7AD9B892}
	EndGlobalSection
EndGlobal
