
Microsoft Visual Studio Solution File, Format Version 12.00
# Visual Studio 15
VisualStudioVersion = 15.0.27004.2008
MinimumVisualStudioVersion = 10.0.40219.1
Project("{FAE04EC0-301F-11D3-BF4B-00C04F79EFBC}") = "Question1", "Question1\Question1.csproj", "{3BE06580-4033-43F2-AC12-0BB8F34574CD}"
EndProject
Global
	GlobalSection(SolutionConfigurationPlatforms) = preSolution
		Debug|Any CPU = Debug|Any CPU
		Release|Any CPU = Release|Any CPU
	EndGlobalSection
	GlobalSection(ProjectConfigurationPlatforms) = postSolution
		{3BE06580-4033-43F2-AC12-0BB8F34574CD}.Debug|Any CPU.ActiveCfg = Debug|Any CPU
		{3BE06580-4033-43F2-AC12-0BB8F34574CD}.Debug|Any CPU.Build.0 = Debug|Any CPU
		{3BE06580-4033-43F2-AC12-0BB8F34574CD}.Release|Any CPU.ActiveCfg = Release|Any CPU
		{3BE06580-4033-43F2-AC12-0BB8F34574CD}.Release|Any CPU.Build.0 = Release|Any CPU
	EndGlobalSection
	GlobalSection(SolutionProperties) = preSolution
		HideSolutionNode = FALSE
	EndGlobalSection
	GlobalSection(ExtensibilityGlobals) = postSolution
		SolutionGuid = {D9B5DC24-309E-4EE6-9FBF-95315814BA57}
	EndGlobalSection
EndGlobal
